# This file is autogenerated, do not edit; changes may be undone by the next 'dep ensure'.


[[projects]]
  digest = "1:f1178b25c1ec9c61caf63e9a6b7a82c361fc0e8d7f98b68b831832a113476ba2"
  name = "github.com/darahayes/go-boom"
  packages = ["."]
  pruneopts = "UT"
  revision = "71186248f707f8f0f4538785208dda0364f74f83"
  version = "1.1.4"

[[projects]]
  branch = "master"
  digest = "1:4a0c6bb4805508a6287675fac876be2ac1182539ca8a32468d8128882e9d5009"
  name = "github.com/golang/snappy"
  packages = ["."]
  pruneopts = "UT"
  revision = "2e65f85255dbc3072edf28d6b5b8efc472979f5a"

[[projects]]
  digest = "1:c79fb010be38a59d657c48c6ba1d003a8aa651fa56b579d959d74573b7dff8e1"
  name = "github.com/gorilla/context"
  packages = ["."]
  pruneopts = "UT"
  revision = "08b5f424b9271eedf6f9f0ce86cb9396ed337a42"
  version = "v1.1.1"

[[projects]]
  digest = "1:e73f5b0152105f18bc131fba127d9949305c8693f8a762588a82a48f61756f5f"
  name = "github.com/gorilla/mux"
  packages = ["."]
  pruneopts = "UT"
  revision = "e3702bed27f0d39777b0b37b664b6280e8ef8fbf"
  version = "v1.6.2"

[[projects]]
  digest = "1:235ae01f32fb5f12c5f6d2e0e05ab48e651ab31c126e45a4efc4f510810941ac"
  name = "github.com/jinzhu/gorm"
  packages = ["."]
  pruneopts = "UT"
  revision = "6ed508ec6a4ecb3531899a69cbc746ccf65a4166"
  version = "v1.9.1"

[[projects]]
  branch = "master"
  digest = "1:fd97437fbb6b7dce04132cf06775bd258cce305c44add58eb55ca86c6c325160"
  name = "github.com/jinzhu/inflection"
  packages = ["."]
  pruneopts = "UT"
  revision = "04140366298a54a039076d798123ffa108fff46c"

[[projects]]
  branch = "master"
  digest = "1:37ce7d7d80531b227023331002c0d42b4b4b291a96798c82a049d03a54ba79e4"
  name = "github.com/lib/pq"
  packages = [
    ".",
    "oid",
  ]
  pruneopts = "UT"
  revision = "90697d60dd844d5ef6ff15135d0203f65d2f53b8"

[[projects]]
  branch = "master"
  digest = "1:0d08c9b423e957b6febbba4452ce96983d9054541b94fd16c72c754e6224114e"
  name = "github.com/minhajuddinkhan/fhir"
  packages = ["models"]
  pruneopts = "UT"
  revision = "0631b5cbe0f42714fe86525046d06e22b0352570"

[[projects]]
  branch = "master"
  digest = "1:ccce6c321e14d7190ea1d3529862e29a142a4985e1631fa8c991384e7661389e"
  name = "github.com/minhajuddinkhan/todogo"
  packages = [
    "server",
    "utils",
  ]
  pruneopts = "UT"
  revision = "33ecb7a91714b39a12d8b94f1ee90c5cedc0de71"

[[projects]]
  digest = "1:bb48459ec76efe45f13094480296462ef5c9aaa56662918819b7a8fce3155b8b"
  name = "github.com/nsqio/go-nsq"
  packages = ["."]
  pruneopts = "UT"
  revision = "eee57a3ac4174c55924125bb15eeeda8cffb6e6f"
  version = "v1.0.7"

[[projects]]
  digest = "1:d867dfa6751c8d7a435821ad3b736310c2ed68945d05b50fb9d23aee0540c8cc"
  name = "github.com/sirupsen/logrus"
  packages = ["."]
  pruneopts = "UT"
  revision = "3e01752db0189b9157070a0e1668a620f9a85da2"
  version = "v1.0.6"

[[projects]]
  branch = "master"
  digest = "1:3f3a05ae0b95893d90b9b3b5afdb79a9b3d96e4e36e099d841ae602e4aca0da8"
  name = "golang.org/x/crypto"
  packages = ["ssh/terminal"]
  pruneopts = "UT"
  revision = "de0752318171da717af4ce24d0a2e8626afaeb11"

[[projects]]
  branch = "master"
  digest = "1:a60cae5be8993938498243605b120290533a5208fd5cac81c932afbad3642fb0"
  name = "golang.org/x/sys"
  packages = [
    "unix",
    "windows",
  ]
  pruneopts = "UT"
  revision = "98c5dad5d1a0e8a73845ecc8897d0bd56586511d"

[[projects]]
  digest = "1:6529e0e2e4d5fa0a0b0f758661fb26d12a6e943239d53793dd61651e9b4cc1e6"
  name = "gopkg.in/gemnasium/logrus-postgresql-hook.v1"
  packages = ["."]
  pruneopts = "UT"
  revision = "13514cd35e4c57f0e4c25555698baf9c12f5d067"
  version = "v1.1.0"

[[projects]]
  branch = "v2"
  digest = "1:2642fd0b6900c77247d61d80cf2eb59a374ef4ffc2d25a1b95b87dc355b2894e"
  name = "gopkg.in/mgo.v2"
  packages = [
    "bson",
    "internal/json",
  ]
  pruneopts = "UT"
  revision = "9856a29383ce1c59f308dd1cf0363a79b5bef6b5"

[solve-meta]
  analyzer-name = "dep"
  analyzer-version = 1
  input-imports = [
    "github.com/darahayes/go-boom",
    "github.com/gorilla/mux",
    "github.com/jinzhu/gorm",
    "github.com/lib/pq",
    "github.com/minhajuddinkhan/fhir/models",
    "github.com/minhajuddinkhan/todogo/server",
    "github.com/minhajuddinkhan/todogo/utils",
    "github.com/nsqio/go-nsq",
    "github.com/sirupsen/logrus",
    "gopkg.in/gemnasium/logrus-postgresql-hook.v1",
  ]
  solver-name = "gps-cdcl"
  solver-version = 1
